lockfileVersion: '9.0'

settings:
  autoInstallPeers: true
  excludeLinksFromLockfile: false

importers:

  .:
    dependencies:
      electron:
        specifier: ^43.2.0
        version: 43.3.0
      koffi:
        specifier: 3.3.1
        version: 3.3.1

packages:

  '@electron-internal/extract-zip@1.0.5':
    resolution: {integrity: sha512-+bqFCP98pLI0Tt0XQo1TmlXtwjWchISndDOxCkEcIuUgXWpBnLyRI+2DU+mesvnMMX6L1XDqYNA0lXNDHd/yiA==}
    engines: {node: '>=22.12.0'}

  '@electron/get@5.1.0':
    resolution: {integrity: sha512-3kSBtG8ObcTVfXanm5vVJ6UnBLEVmVsRk1M+vGqCuMBV+XLCbJYuWQful+yIy0GQDsSlK0kHEriEHn7SPk4EnA==}
    engines: {node: '>=22.12.0'}

  '@koromix/koffi-android-arm64@3.3.1':
    resolution: {integrity: sha512-S3yMzUGca5UJRioY7wdBjeO+LuW9mQhrksL+Wd5ri1X7kWMB2IGLzrT1mn1xqx02Vicgvuy5GtkhHuxG5mkzYw==}
    cpu: [arm64]
    os: [android]

  '@koromix/koffi-android-x64@3.3.1':
    resolution: {integrity: sha512-QaKSyVi37j19CfN2tR3q8lQMosZ+mQIOQXcNQmWXfYDUs9x2CSCxzvMTeQyFyGdAqB58dBluEiy8V5ZMvARSHg==}
    cpu: [x64]
    os: [android]

  '@koromix/koffi-darwin-arm64@3.3.1':
    resolution: {integrity: sha512-xVLQMZzACn6TQJsGp/mBF71mfRyuhmxTBGcQLfJM59YArNN/9+1JV8FFCElmgspffijASZsLwbSEdPwZMNeDhQ==}
    cpu: [arm64]
    os: [darwin]

  '@koromix/koffi-darwin-x64@3.3.1':
    resolution: {integrity: sha512-+VGqqnBQvR+AbAbRyRDsxK0D6wwAivUURWsyVX8NhR5agf+0+sSAdNMsSy+9DyO7CmioTUVwV+Do+12uWnFrmA==}
    cpu: [x64]
    os: [darwin]

  '@koromix/koffi-freebsd-arm64@3.3.1':
    resolution: {integrity: sha512-oPkfxEiLiZs1jV6qqw3DzZy3aigzOb9mGbRtK6ENNgoiZ2QdAw55cXUTOMNiAwgbkBwt7SsorFdUnYUuP5b0Gg==}
    cpu: [arm64]
    os: [freebsd]

  '@koromix/koffi-freebsd-ia32@3.3.1':
    resolution: {integrity: sha512-uLb93keIlk6TkECtb17z2d5nehEIJ2labIXF0ava3s+9w7VE7QZUw3O2IQVq4t95sIm5rMoE1Y+cFa0aN6444w==}
    cpu: [ia32]
    os: [freebsd]

  '@koromix/koffi-freebsd-x64@3.3.1':
    resolution: {integrity: sha512-+Iuh+m5Ln0fjubgw/6bzEkliBcFBIFWWL7IqzmktPy0Q0Bq+XCGtUf+5/KTlodYlTOLv/SE/YTbVkk3c02+E6w==}
    cpu: [x64]
    os: [freebsd]

  '@koromix/koffi-linux-arm64@3.3.1':
    resolution: {integrity: sha512-Itv2N+TvBFTSdEZdokM4ydjbBwr6GNKd51+UXoh/5HVXALBRnMQek2QhBnG7z6H9+/p2SB4rqBnvhuLQpv4B7g==}
    cpu: [arm64]
    os: [linux]

  '@koromix/koffi-linux-arm@3.3.1':
    resolution: {integrity: sha512-rE6QypE/h4nDHPlzzVPok5W2gL5CopvBYI44lJXO2SauxVAeV86bbf+ucmF/toYENdjF0DBdY7GbloyixwQpPQ==}
    cpu: [arm]
    os: [linux]

  '@koromix/koffi-linux-ia32@3.3.1':
    resolution: {integrity: sha512-pb1NJ/Ih4MAPB1e2koQOKxGtLuPWKMT3QXxBrPptkkkDz/XpV6+bAA4ys7amXxpA0ybM2u/+VM0gGzdJRThkRg==}
    cpu: [ia32]
    os: [linux]

  '@koromix/koffi-linux-loong64@3.3.1':
    resolution: {integrity: sha512-RdS57JuF39tLXS/yYq4KlFnU7CMrn1+x/4v171bji+1aPYOXPxzYDAJVjapv/6tnrESrMTnfWIja3jfzieFmpQ==}
    cpu: [loong64]
    os: [linux]

  '@koromix/koffi-linux-ppc64@3.3.1':
    resolution: {integrity: sha512-nmOTpQQS5pWG73X01y7K70JQaL+5T/v04i0G4BtXDAxQq3WHmyeJCgmdHhz5W0JVtjHicitSZoothTspAopF9A==}
    cpu: [ppc64]
    os: [linux]

  '@koromix/koffi-linux-riscv64@3.3.1':
    resolution: {integrity: sha512-mk0Av5QmK0BPD3OHytOThVhEe4VCTrYv3+em6h75E1rNYiCfixzeh3d5+s5x2vCaby8zzxvNd39sO89Bp1juwg==}
    cpu: [riscv64]
    os: [linux]

  '@koromix/koffi-linux-x64@3.3.1':
    resolution: {integrity: sha512-uU5cJNe145TvITqrUWvBmZO4WLNObdZ2Gnm8eNk/OdrhRFG9LB44RUv07aQwPbdo1438j+Cr+tFNnpjTBadZFQ==}
    cpu: [x64]
    os: [linux]

  '@koromix/koffi-openbsd-arm64@3.3.1':
    resolution: {integrity: sha512-owXmXHI+5kkDyVjqGPfPgIHIzH1swsGY+YNbQ4ozkO23UKzJElAtmQPcmA1pQwiDCeyojHEelgd9+BV58uOIkA==}
    cpu: [arm64]
    os: [openbsd]

  '@koromix/koffi-openbsd-ia32@3.3.1':
    resolution: {integrity: sha512-fvIKWycDdc9XL3ATQT0uvt/j82EB3/JWzJU4yqUCJbMotTP8mvo/c1D1Jus4mO+fNGEYM33YuFDkJcQkHJd9Dg==}
    cpu: [ia32]
    os: [openbsd]

  '@koromix/koffi-openbsd-x64@3.3.1':
    resolution: {integrity: sha512-UYk2xNAK5wEyskLtrgTRt+2lwfBOvgaK8UJDz4B2qm57VvRrqb7ye1hzKFZrRVa8NWRPUk6W/zsqZyFHu4BoLA==}
    cpu: [x64]
    os: [openbsd]

  '@koromix/koffi-win32-arm64@3.3.1':
    resolution: {integrity: sha512-SZsmAWUKxBHdUR6Z5IJTslOOy0VEFHxoDHMZkn3k0P5TuP/aOZfQYoEa34UwnLI8t2Fmgyhmympth+39tR/XUw==}
    cpu: [arm64]
    os: [win32]

  '@koromix/koffi-win32-ia32@3.3.1':
    resolution: {integrity: sha512-pARisOvxCPkk6Wg1HkwRCnrkJIVS31kDweWLo+bQay/Dr1915s7skVydWpTKS30EcfOh4Jay7B4c0dgamTLBHg==}
    cpu: [ia32]
    os: [win32]

  '@koromix/koffi-win32-x64@3.3.1':
    resolution: {integrity: sha512-LYoO19cTIA7xjl+3s4VeGagCAO38VNXZ969DNszb1wTwJUjrHLrAbHFkk8fYkXineM3HJkFwElW0VLmZqXcfRg==}
    cpu: [x64]
    os: [win32]

  '@types/node@24.13.3':
    resolution: {integrity: sha512-Dh8vAsV36ig5wa9OX4pXvMc9D3Veibfw2wix0CUwYODLD8nkj9UsLjASr49nPg+2eKzxhBV+v7L8pXvT4e639Q==}

  debug@4.4.3:
    resolution: {integrity: sha512-RGwwWnwQvkVfavKVt22FGLw+xYSdzARwm0ru6DhTVA3umU5hZc28V3kO4stgYryrTlLpuvgI9GiijltAjNbcqA==}
    engines: {node: '>=6.0'}
    peerDependencies:
      supports-color: '*'
    peerDependenciesMeta:
      supports-color:
        optional: true

  electron@43.3.0:
    resolution: {integrity: sha512-nLlvu0WFjftWsSaTkV2B/c4NDuJBspTyXu8vKSQ6vLvFt8uG3NgN49LLKcXddwX0GqVvAQDhciWp+4xOdTdhew==}
    engines: {node: '>= 22.12.0'}
    hasBin: true

  env-paths@3.0.0:
    resolution: {integrity: sha512-dtJUTepzMW3Lm/NPxRf3wP4642UWhjL2sQxc+ym2YMj1m/H2zDNQOlezafzkHwn6sMstjHTwG6iQQsctDW/b1A==}
    engines: {node: ^12.20.0 || ^14.13.1 || >=16.0.0}

  graceful-fs@4.2.11:
    resolution: {integrity: sha512-RbJ5/jmFcNNCcDV5o9eTnBLJ/HszWV0P73bc+Ff4nS/rJj+YaS6IGyiOL0VoBYX+l1Wrl3k63h/KrH+nhJ0XvQ==}

  koffi@3.3.1:
    resolution: {integrity: sha512-FZYfhBfYQr/cmHhZpaQ9rhbKpkjHhxaytn2A0mbPhiD5yV8QzF3SiQwR1w/34rCJ1fw+6qBQSj/ZoXRdC+Xc2Q==}

  ms@2.1.3:
    resolution: {integrity: sha512-6FlzubTLZG3J2a/NVCAleEhjzq5oxgHyaCU9yYXvcLsvoVaHJq/s5xXI6/XXP6tz7R9xAOtHnSO/tXtF3WRTlA==}

  progress@2.0.3:
    resolution: {integrity: sha512-7PiHtLll5LdnKIMw100I+8xJXR5gW2QwWYkT6iJva0bXitZKa/XMrSbdmg3r2Xnaidz9Qumd0VPaMrZlF9V9sA==}
    engines: {node: '>=0.4.0'}

  semver@7.8.5:
    resolution: {integrity: sha512-Y7/KDsb8LjooZpwaqGyulO6DQlksgCncchHGk+sZIY4SBvUocMBEFH5Ur1fI4dV+Jvl0w6cjvucaIi40puRioA==}
    engines: {node: '>=10'}
    hasBin: true

  sumchecker@3.0.1:
    resolution: {integrity: sha512-MvjXzkz/BOfyVDkG0oFOtBxHX2u3gKbMHIF/dXblZsgD3BWOFLmHovIpZY7BykJdAjcqRCBi1WYBNdEC9yI7vg==}
    engines: {node: '>= 8.0'}

  undici-types@7.18.2:
    resolution: {integrity: sha512-AsuCzffGHJybSaRrmr5eHr81mwJU3kjw6M+uprWvCXiNeN9SOGwQ3Jn8jb8m3Z6izVgknn1R0FTCEAP2QrLY/w==}

  undici@7.29.0:
    resolution: {integrity: sha512-IDxfleLmmbSskfWSUATiN1nfn2rDuvnMOqb5CWR92iIfojA0Ud+ulOAAEQ57LPr9rWmsreUyf5lwyao+7GNNVw==}
    engines: {node: '>=20.18.1'}

snapshots:

  '@electron-internal/extract-zip@1.0.5': {}

  '@electron/get@5.1.0':
    dependencies:
      debug: 4.4.3
      env-paths: 3.0.0
      graceful-fs: 4.2.11
      progress: 2.0.3
      semver: 7.8.5
      sumchecker: 3.0.1
    optionalDependencies:
      undici: 7.29.0
    transitivePeerDependencies:
      - supports-color

  '@koromix/koffi-android-arm64@3.3.1':
    optional: true

  '@koromix/koffi-android-x64@3.3.1':
    optional: true

  '@koromix/koffi-darwin-arm64@3.3.1':
    optional: true

  '@koromix/koffi-darwin-x64@3.3.1':
    optional: true

  '@koromix/koffi-freebsd-arm64@3.3.1':
    optional: true

  '@koromix/koffi-freebsd-ia32@3.3.1':
    optional: true

  '@koromix/koffi-freebsd-x64@3.3.1':
    optional: true

  '@koromix/koffi-linux-arm64@3.3.1':
    optional: true

  '@koromix/koffi-linux-arm@3.3.1':
    optional: true

  '@koromix/koffi-linux-ia32@3.3.1':
    optional: true

  '@koromix/koffi-linux-loong64@3.3.1':
    optional: true

  '@koromix/koffi-linux-ppc64@3.3.1':
    optional: true

  '@koromix/koffi-linux-riscv64@3.3.1':
    optional: true

  '@koromix/koffi-linux-x64@3.3.1':
    optional: true

  '@koromix/koffi-openbsd-arm64@3.3.1':
    optional: true

  '@koromix/koffi-openbsd-ia32@3.3.1':
    optional: true

  '@koromix/koffi-openbsd-x64@3.3.1':
    optional: true

  '@koromix/koffi-win32-arm64@3.3.1':
    optional: true

  '@koromix/koffi-win32-ia32@3.3.1':
    optional: true

  '@koromix/koffi-win32-x64@3.3.1':
    optional: true

  '@types/node@24.13.3':
    dependencies:
      undici-types: 7.18.2

  debug@4.4.3:
    dependencies:
      ms: 2.1.3

  electron@43.3.0:
    dependencies:
      '@electron-internal/extract-zip': 1.0.5
      '@electron/get': 5.1.0
      '@types/node': 24.13.3
    transitivePeerDependencies:
      - supports-color

  env-paths@3.0.0: {}

  graceful-fs@4.2.11: {}

  koffi@3.3.1:
    optionalDependencies:
      '@koromix/koffi-android-arm64': 3.3.1
      '@koromix/koffi-android-x64': 3.3.1
      '@koromix/koffi-darwin-arm64': 3.3.1
      '@koromix/koffi-darwin-x64': 3.3.1
      '@koromix/koffi-freebsd-arm64': 3.3.1
      '@koromix/koffi-freebsd-ia32': 3.3.1
      '@koromix/koffi-freebsd-x64': 3.3.1
      '@koromix/koffi-linux-arm': 3.3.1
      '@koromix/koffi-linux-arm64': 3.3.1
      '@koromix/koffi-linux-ia32': 3.3.1
      '@koromix/koffi-linux-loong64': 3.3.1
      '@koromix/koffi-linux-ppc64': 3.3.1
      '@koromix/koffi-linux-riscv64': 3.3.1
      '@koromix/koffi-linux-x64': 3.3.1
      '@koromix/koffi-openbsd-arm64': 3.3.1
      '@koromix/koffi-openbsd-ia32': 3.3.1
      '@koromix/koffi-openbsd-x64': 3.3.1
      '@koromix/koffi-win32-arm64': 3.3.1
      '@koromix/koffi-win32-ia32': 3.3.1
      '@koromix/koffi-win32-x64': 3.3.1

  ms@2.1.3: {}

  progress@2.0.3: {}

  semver@7.8.5: {}

  sumchecker@3.0.1:
    dependencies:
      debug: 4.4.3
    transitivePeerDependencies:
      - supports-color

  undici-types@7.18.2: {}

  undici@7.29.0:
    optional: true
